
Microsoft Visual Studio Solution File, Format Version 12.00
# Visual Studio Version 17
VisualStudioVersion = 17.7.34202.233
MinimumVisualStudioVersion = 10.0.40219.1
Project("{FAE04EC0-301F-11D3-BF4B-00C04F79EFBC}") = "vtysodevi", "vtysodevi.csproj", "{1AF303AB-3FEB-46CB-8532-441D4A4E249A}"
EndProject
Global
	GlobalSection(SolutionConfigurationPlatforms) = preSolution
		Debug|Any CPU = Debug|Any CPU
		Release|Any CPU = Release|Any CPU
	EndGlobalSection
	GlobalSection(ProjectConfigurationPlatforms) = postSolution
		{1AF303AB-3FEB-46CB-8532-441D4A4E249A}.Debug|Any CPU.ActiveCfg = Debug|Any CPU
		{1AF303AB-3FEB-46CB-8532-441D4A4E249A}.Debug|Any CPU.Build.0 = Debug|Any CPU
		{1AF303AB-3FEB-46CB-8532-441D4A4E249A}.Release|Any CPU.ActiveCfg = Release|Any CPU
		{1AF303AB-3FEB-46CB-8532-441D4A4E249A}.Release|Any CPU.Build.0 = Release|Any CPU
	EndGlobalSection
	GlobalSection(SolutionProperties) = preSolution
		HideSolutionNode = FALSE
	EndGlobalSection
	GlobalSection(ExtensibilityGlobals) = postSolution
		SolutionGuid = {98A82FB1-B753-4679-BE60-302E1F93B123}
	EndGlobalSection
EndGlobal
